
Microsoft Visual Studio Solution File, Format Version 12.00
# Visual Studio Version 16
VisualStudioVersion = 16.0.29613.14
MinimumVisualStudioVersion = 10.0.40219.1
Project("{FAE04EC0-301F-11D3-BF4B-00C04F79EFBC}") = "clasifica", "clasifica.csproj", "{C57EC586-091B-4513-9AAF-BB687A934D82}"
EndProject
Global
	GlobalSection(SolutionConfigurationPlatforms) = preSolution
		Debug|Any CPU = Debug|Any CPU
		Release|Any CPU = Release|Any CPU
	EndGlobalSection
	GlobalSection(ProjectConfigurationPlatforms) = postSolution
		{C57EC586-091B-4513-9AAF-BB687A934D82}.Debug|Any CPU.ActiveCfg = Debug|Any CPU
		{C57EC586-091B-4513-9AAF-BB687A934D82}.Debug|Any CPU.Build.0 = Debug|Any CPU
		{C57EC586-091B-4513-9AAF-BB687A934D82}.Release|Any CPU.ActiveCfg = Release|Any CPU
		{C57EC586-091B-4513-9AAF-BB687A934D82}.Release|Any CPU.Build.0 = Release|Any CPU
	EndGlobalSection
	GlobalSection(SolutionProperties) = preSolution
		HideSolutionNode = FALSE
	EndGlobalSection
	GlobalSection(ExtensibilityGlobals) = postSolution
		SolutionGuid = {AE480D07-EA05-41DF-8B3C-07D64C2F745D}
	EndGlobalSection
EndGlobal
